
Microsoft Visual Studio Solution File, Format Version 12.00
# Visual Studio Version 16
VisualStudioVersion = 16.0.32126.315
MinimumVisualStudioVersion = 10.0.40219.1
Project("{FAE04EC0-301F-11D3-BF4B-00C04F79EFBC}") = "ConsoleApp1", "ConsoleApp1\ConsoleApp1.csproj", "{3C93A76A-4266-4C6B-A5C5-9CAD6143CB98}"
EndProject
Global
	GlobalSection(SolutionConfigurationPlatforms) = preSolution
		Debug|Any CPU = Debug|Any CPU
		Release|Any CPU = Release|Any CPU
	EndGlobalSection
	GlobalSection(ProjectConfigurationPlatforms) = postSolution
		{3C93A76A-4266-4C6B-A5C5-9CAD6143CB98}.Debug|Any CPU.ActiveCfg = Debug|Any CPU
		{3C93A76A-4266-4C6B-A5C5-9CAD6143CB98}.Debug|Any CPU.Build.0 = Debug|Any CPU
		{3C93A76A-4266-4C6B-A5C5-9CAD6143CB98}.Release|Any CPU.ActiveCfg = Release|Any CPU
		{3C93A76A-4266-4C6B-A5C5-9CAD6143CB98}.Release|Any CPU.Build.0 = Release|Any CPU
	EndGlobalSection
	GlobalSection(SolutionProperties) = preSolution
		HideSolutionNode = FALSE
	EndGlobalSection
	GlobalSection(ExtensibilityGlobals) = postSolution
		SolutionGuid = {B5941F06-7918-4F27-8155-74B885BB2822}
	EndGlobalSection
EndGlobal
